
Microsoft Visual Studio Solution File, Format Version 12.00
# Visual Studio Version 16
VisualStudioVersion = 16.0.30611.23
MinimumVisualStudioVersion = 10.0.40219.1
Project("{FAE04EC0-301F-11D3-BF4B-00C04F79EFBC}") = "GameOfLife", "GameOfLife\GameOfLife.csproj", "{0CF63E1F-7166-49B6-83EF-A32AC0999920}"
EndProject
Global
	GlobalSection(SolutionConfigurationPlatforms) = preSolution
		Debug|Any CPU = Debug|Any CPU
		Release|Any CPU = Release|Any CPU
	EndGlobalSection
	GlobalSection(ProjectConfigurationPlatforms) = postSolution
		{0CF63E1F-7166-49B6-83EF-A32AC0999920}.Debug|Any CPU.ActiveCfg = Debug|Any CPU
		{0CF63E1F-7166-49B6-83EF-A32AC0999920}.Debug|Any CPU.Build.0 = Debug|Any CPU
		{0CF63E1F-7166-49B6-83EF-A32AC0999920}.Release|Any CPU.ActiveCfg = Release|Any CPU
		{0CF63E1F-7166-49B6-83EF-A32AC0999920}.Release|Any CPU.Build.0 = Release|Any CPU
	EndGlobalSection
	GlobalSection(SolutionProperties) = preSolution
		HideSolutionNode = FALSE
	EndGlobalSection
	GlobalSection(ExtensibilityGlobals) = postSolution
		SolutionGuid = {34551207-52C7-422C-9CAB-56B8428E2AB7}
	EndGlobalSection
EndGlobal
